
Microsoft Visual Studio Solution File, Format Version 12.00
# Visual Studio 14
VisualStudioVersion = 14.0.25420.1
MinimumVisualStudioVersion = 10.0.40219.1
Project("{FAE04EC0-301F-11D3-BF4B-00C04F79EFBC}") = "BasicUsage", "BasicUsage\BasicUsage.csproj", "{527947EE-795C-4264-98F9-1042187DDA85}"
EndProject
Project("{2150E333-8FDC-42A3-9474-1A3956D46DE8}") = "Solution Items", "Solution Items", "{E4D7806F-E27A-434A-8D6F-D8508064709D}"
	ProjectSection(SolutionItems) = preProject
		nuget.config = nuget.config
	EndProjectSection
EndProject
Project("{FAE04EC0-301F-11D3-BF4B-00C04F79EFBC}") = "MediatorLess", "MediatorLess\MediatorLess.csproj", "{371D5CE1-5022-44DD-8A4C-6993C9FB03E1}"
EndProject
Project("{FAE04EC0-301F-11D3-BF4B-00C04F79EFBC}") = "ConfigurationSamples", "ConfigurationSamples\ConfigurationSamples.csproj", "{513B6622-03DA-40D4-8031-2DE1EE68FFDF}"
EndProject
Project("{FAE04EC0-301F-11D3-BF4B-00C04F79EFBC}") = "Sagas", "Sagas\Sagas.csproj", "{5B013119-90ED-48DC-B2DD-C60B5B9EE425}"
EndProject
Project("{FAE04EC0-301F-11D3-BF4B-00C04F79EFBC}") = "SimpleInjectorSample", "SimpleInjector\SimpleInjectorSample.csproj", "{5FD3860B-2327-424A-84FF-464D12FE2AE0}"
EndProject
Project("{FAE04EC0-301F-11D3-BF4B-00C04F79EFBC}") = "AutofacSample", "AutofacSample\AutofacSample.csproj", "{2222757D-C64E-4390-B224-B30D6D6CEEED}"
EndProject
Project("{FAE04EC0-301F-11D3-BF4B-00C04F79EFBC}") = "Diagnostics", "Diagnostics\Diagnostics.csproj", "{21905C6C-B2C3-49D4-802B-A922B84729EF}"
EndProject
Global
	GlobalSection(SolutionConfigurationPlatforms) = preSolution
		Debug|Any CPU = Debug|Any CPU
		Release|Any CPU = Release|Any CPU
	EndGlobalSection
	GlobalSection(ProjectConfigurationPlatforms) = postSolution
		{527947EE-795C-4264-98F9-1042187DDA85}.Debug|Any CPU.ActiveCfg = Debug|Any CPU
		{527947EE-795C-4264-98F9-1042187DDA85}.Debug|Any CPU.Build.0 = Debug|Any CPU
		{527947EE-795C-4264-98F9-1042187DDA85}.Release|Any CPU.ActiveCfg = Release|Any CPU
		{527947EE-795C-4264-98F9-1042187DDA85}.Release|Any CPU.Build.0 = Release|Any CPU
		{371D5CE1-5022-44DD-8A4C-6993C9FB03E1}.Debug|Any CPU.ActiveCfg = Debug|Any CPU
		{371D5CE1-5022-44DD-8A4C-6993C9FB03E1}.Debug|Any CPU.Build.0 = Debug|Any CPU
		{371D5CE1-5022-44DD-8A4C-6993C9FB03E1}.Release|Any CPU.ActiveCfg = Release|Any CPU
		{371D5CE1-5022-44DD-8A4C-6993C9FB03E1}.Release|Any CPU.Build.0 = Release|Any CPU
		{513B6622-03DA-40D4-8031-2DE1EE68FFDF}.Debug|Any CPU.ActiveCfg = Debug|Any CPU
		{513B6622-03DA-40D4-8031-2DE1EE68FFDF}.Debug|Any CPU.Build.0 = Debug|Any CPU
		{513B6622-03DA-40D4-8031-2DE1EE68FFDF}.Release|Any CPU.ActiveCfg = Release|Any CPU
		{513B6622-03DA-40D4-8031-2DE1EE68FFDF}.Release|Any CPU.Build.0 = Release|Any CPU
		{5B013119-90ED-48DC-B2DD-C60B5B9EE425}.Debug|Any CPU.ActiveCfg = Debug|Any CPU
		{5B013119-90ED-48DC-B2DD-C60B5B9EE425}.Debug|Any CPU.Build.0 = Debug|Any CPU
		{5B013119-90ED-48DC-B2DD-C60B5B9EE425}.Release|Any CPU.ActiveCfg = Release|Any CPU
		{5B013119-90ED-48DC-B2DD-C60B5B9EE425}.Release|Any CPU.Build.0 = Release|Any CPU
		{5FD3860B-2327-424A-84FF-464D12FE2AE0}.Debug|Any CPU.ActiveCfg = Debug|Any CPU
		{5FD3860B-2327-424A-84FF-464D12FE2AE0}.Debug|Any CPU.Build.0 = Debug|Any CPU
		{5FD3860B-2327-424A-84FF-464D12FE2AE0}.Release|Any CPU.ActiveCfg = Release|Any CPU
		{5FD3860B-2327-424A-84FF-464D12FE2AE0}.Release|Any CPU.Build.0 = Release|Any CPU
		{2222757D-C64E-4390-B224-B30D6D6CEEED}.Debug|Any CPU.ActiveCfg = Debug|Any CPU
		{2222757D-C64E-4390-B224-B30D6D6CEEED}.Debug|Any CPU.Build.0 = Debug|Any CPU
		{2222757D-C64E-4390-B224-B30D6D6CEEED}.Release|Any CPU.ActiveCfg = Release|Any CPU
		{2222757D-C64E-4390-B224-B30D6D6CEEED}.Release|Any CPU.Build.0 = Release|Any CPU
		{21905C6C-B2C3-49D4-802B-A922B84729EF}.Debug|Any CPU.ActiveCfg = Debug|Any CPU
		{21905C6C-B2C3-49D4-802B-A922B84729EF}.Debug|Any CPU.Build.0 = Debug|Any CPU
		{21905C6C-B2C3-49D4-802B-A922B84729EF}.Release|Any CPU.ActiveCfg = Release|Any CPU
		{21905C6C-B2C3-49D4-802B-A922B84729EF}.Release|Any CPU.Build.0 = Release|Any CPU
	EndGlobalSection
	GlobalSection(SolutionProperties) = preSolution
		HideSolutionNode = FALSE
	EndGlobalSection
EndGlobal
